
Microsoft Visual Studio Solution File, Format Version 12.00
# Visual Studio 2013
VisualStudioVersion = 12.0.31101.0
MinimumVisualStudioVersion = 10.0.40219.1
Project("{FAE04EC0-301F-11D3-BF4B-00C04F79EFBC}") = "SmartPath", "SmartPath.csproj", "{38F0A383-142C-4D7F-8CDE-1F1AC1C518EF}"
EndProject
Project("{FAE04EC0-301F-11D3-BF4B-00C04F79EFBC}") = "SmartPathTests", "..\SmartPathTests\SmartPathTests.csproj", "{2ACD713B-729A-4B8C-B2EC-E537ED7182E1}"
EndProject
Global
	GlobalSection(SolutionConfigurationPlatforms) = preSolution
		Debug|Any CPU = Debug|Any CPU
		Release|Any CPU = Release|Any CPU
	EndGlobalSection
	GlobalSection(ProjectConfigurationPlatforms) = postSolution
		{38F0A383-142C-4D7F-8CDE-1F1AC1C518EF}.Debug|Any CPU.ActiveCfg = Debug|Any CPU
		{38F0A383-142C-4D7F-8CDE-1F1AC1C518EF}.Debug|Any CPU.Build.0 = Debug|Any CPU
		{38F0A383-142C-4D7F-8CDE-1F1AC1C518EF}.Release|Any CPU.ActiveCfg = Release|Any CPU
		{38F0A383-142C-4D7F-8CDE-1F1AC1C518EF}.Release|Any CPU.Build.0 = Release|Any CPU
		{2ACD713B-729A-4B8C-B2EC-E537ED7182E1}.Debug|Any CPU.ActiveCfg = Debug|Any CPU
		{2ACD713B-729A-4B8C-B2EC-E537ED7182E1}.Debug|Any CPU.Build.0 = Debug|Any CPU
		{2ACD713B-729A-4B8C-B2EC-E537ED7182E1}.Release|Any CPU.ActiveCfg = Release|Any CPU
		{2ACD713B-729A-4B8C-B2EC-E537ED7182E1}.Release|Any CPU.Build.0 = Release|Any CPU
	EndGlobalSection
	GlobalSection(SolutionProperties) = preSolution
		HideSolutionNode = FALSE
	EndGlobalSection
EndGlobal
